// !$*UTF8*$!
{
	archiveVersion = 1;
	classes = {
	};
	objectVersion = 50;
	objects = {

/* Begin PBXBuildFile section */
		354E97EC2424B27B00C41E6F /* NSObject+Swizzle.m in Sources */ = {isa = PBXBuildFile; fileRef = 354E97EB2424B27B00C41E6F /* NSObject+Swizzle.m */; };
		354E97F02424B7A200C41E6F /* NSObject+Description.m in Sources */ = {isa = PBXBuildFile; fileRef = 354E97EF2424B7A200C41E6F /* NSObject+Description.m */; };
		354E97F42424BCEC00C41E6F /* NSObject+DeallocCallBack.m in Sources */ = {isa = PBXBuildFile; fileRef = 354E97F32424BCEC00C41E6F /* NSObject+DeallocCallBack.m */; };
		354E97F82424BD1600C41E6F /* DeallocCallBackContainer.m in Sources */ = {isa = PBXBuildFile; fileRef = 354E97F72424BD1600C41E6F /* DeallocCallBackContainer.m */; };
		356C46DE23F691B1004DADD5 /* LFDeveloper.m in Sources */ = {isa = PBXBuildFile; fileRef = 356C46DD23F691B1004DADD5 /* LFDeveloper.m */; };
		356C46ED23FA9B84004DADD5 /* NSDictionary+LFCrashHook.m in Sources */ = {isa = PBXBuildFile; fileRef = 356C46EC23FA9B84004DADD5 /* NSDictionary+LFCrashHook.m */; };
		356C46F123FA9D2A004DADD5 /* NSArray+LFCrashHook.m in Sources */ = {isa = PBXBuildFile; fileRef = 356C46F023FA9D2A004DADD5 /* NSArray+LFCrashHook.m */; };
		356C46F823FBD11E004DADD5 /* NSString+LFCrashHook.m in Sources */ = {isa = PBXBuildFile; fileRef = 356C46F723FBD11E004DADD5 /* NSString+LFCrashHook.m */; };
		3582EE5324342F80003F0FA8 /* TestViewController.m in Sources */ = {isa = PBXBuildFile; fileRef = 3582EE5224342F80003F0FA8 /* TestViewController.m */; };
		35A9286B233E02C3007BE488 /* AppDelegate.m in Sources */ = {isa = PBXBuildFile; fileRef = 35A9286A233E02C3007BE488 /* AppDelegate.m */; };
		35A9286E233E02C3007BE488 /* SceneDelegate.m in Sources */ = {isa = PBXBuildFile; fileRef = 35A9286D233E02C3007BE488 /* SceneDelegate.m */; };
		35A92871233E02C3007BE488 /* ViewController.m in Sources */ = {isa = PBXBuildFile; fileRef = 35A92870233E02C3007BE488 /* ViewController.m */; };
		35A92874233E02C3007BE488 /* Main.storyboard in Resources */ = {isa = PBXBuildFile; fileRef = 35A92872233E02C3007BE488 /* Main.storyboard */; };
		35A92876233E02C4007BE488 /* Assets.xcassets in Resources */ = {isa = PBXBuildFile; fileRef = 35A92875233E02C4007BE488 /* Assets.xcassets */; };
		35A92879233E02C4007BE488 /* LaunchScreen.storyboard in Resources */ = {isa = PBXBuildFile; fileRef = 35A92877233E02C4007BE488 /* LaunchScreen.storyboard */; };
		35A9287C233E02C4007BE488 /* main.m in Sources */ = {isa = PBXBuildFile; fileRef = 35A9287B233E02C4007BE488 /* main.m */; };
		35A92884233E02D7007BE488 /* LFDeveloperKit.m in Sources */ = {isa = PBXBuildFile; fileRef = 35A92883233E02D7007BE488 /* LFDeveloperKit.m */; };
		35F345042373B5B700FAED4C /* libsqlite3.0.tbd in Frameworks */ = {isa = PBXBuildFile; fileRef = 35F345022373B58C00FAED4C /* libsqlite3.0.tbd */; };
/* End PBXBuildFile section */

/* Begin PBXFileReference section */
		354E97EA2424B27B00C41E6F /* NSObject+Swizzle.h */ = {isa = PBXFileReference; lastKnownFileType = sourcecode.c.h; path = "NSObject+Swizzle.h"; sourceTree = "<group>"; };
		354E97EB2424B27B00C41E6F /* NSObject+Swizzle.m */ = {isa = PBXFileReference; lastKnownFileType = sourcecode.c.objc; path = "NSObject+Swizzle.m"; sourceTree = "<group>"; };
		354E97EE2424B7A200C41E6F /* NSObject+Description.h */ = {isa = PBXFileReference; lastKnownFileType = sourcecode.c.h; path = "NSObject+Description.h"; sourceTree = "<group>"; };
		354E97EF2424B7A200C41E6F /* NSObject+Description.m */ = {isa = PBXFileReference; lastKnownFileType = sourcecode.c.objc; path = "NSObject+Description.m"; sourceTree = "<group>"; };
		354E97F22424BCEC00C41E6F /* NSObject+DeallocCallBack.h */ = {isa = PBXFileReference; lastKnownFileType = sourcecode.c.h; path = "NSObject+DeallocCallBack.h"; sourceTree = "<group>"; };
		354E97F32424BCEC00C41E6F /* NSObject+DeallocCallBack.m */ = {isa = PBXFileReference; lastKnownFileType = sourcecode.c.objc; path = "NSObject+DeallocCallBack.m"; sourceTree = "<group>"; };
		354E97F62424BD1600C41E6F /* DeallocCallBackContainer.h */ = {isa = PBXFileReference; lastKnownFileType = sourcecode.c.h; path = DeallocCallBackContainer.h; sourceTree = "<group>"; };
		354E97F72424BD1600C41E6F /* DeallocCallBackContainer.m */ = {isa = PBXFileReference; lastKnownFileType = sourcecode.c.objc; path = DeallocCallBackContainer.m; sourceTree = "<group>"; };
		356C46DC23F691B1004DADD5 /* LFDeveloper.h */ = {isa = PBXFileReference; lastKnownFileType = sourcecode.c.h; path = LFDeveloper.h; sourceTree = "<group>"; };
		356C46DD23F691B1004DADD5 /* LFDeveloper.m */ = {isa = PBXFileReference; lastKnownFileType = sourcecode.c.objc; path = LFDeveloper.m; sourceTree = "<group>"; };
		356C46EB23FA9B84004DADD5 /* NSDictionary+LFCrashHook.h */ = {isa = PBXFileReference; lastKnownFileType = sourcecode.c.h; path = "NSDictionary+LFCrashHook.h"; sourceTree = "<group>"; };
		356C46EC23FA9B84004DADD5 /* NSDictionary+LFCrashHook.m */ = {isa = PBXFileReference; lastKnownFileType = sourcecode.c.objc; path = "NSDictionary+LFCrashHook.m"; sourceTree = "<group>"; };
		356C46EF23FA9D2A004DADD5 /* NSArray+LFCrashHook.h */ = {isa = PBXFileReference; lastKnownFileType = sourcecode.c.h; path = "NSArray+LFCrashHook.h"; sourceTree = "<group>"; };
		356C46F023FA9D2A004DADD5 /* NSArray+LFCrashHook.m */ = {isa = PBXFileReference; lastKnownFileType = sourcecode.c.objc; path = "NSArray+LFCrashHook.m"; sourceTree = "<group>"; };
		356C46F623FBD11D004DADD5 /* NSString+LFCrashHook.h */ = {isa = PBXFileReference; lastKnownFileType = sourcecode.c.h; path = "NSString+LFCrashHook.h"; sourceTree = "<group>"; };
		356C46F723FBD11E004DADD5 /* NSString+LFCrashHook.m */ = {isa = PBXFileReference; lastKnownFileType = sourcecode.c.objc; path = "NSString+LFCrashHook.m"; sourceTree = "<group>"; };
		3582EE5124342F80003F0FA8 /* TestViewController.h */ = {isa = PBXFileReference; lastKnownFileType = sourcecode.c.h; path = TestViewController.h; sourceTree = "<group>"; };
		3582EE5224342F80003F0FA8 /* TestViewController.m */ = {isa = PBXFileReference; lastKnownFileType = sourcecode.c.objc; path = TestViewController.m; sourceTree = "<group>"; };
		35A92866233E02C3007BE488 /* LFDeveloperKitDemo.app */ = {isa = PBXFileReference; explicitFileType = wrapper.application; includeInIndex = 0; path = LFDeveloperKitDemo.app; sourceTree = BUILT_PRODUCTS_DIR; };
		35A92869233E02C3007BE488 /* AppDelegate.h */ = {isa = PBXFileReference; lastKnownFileType = sourcecode.c.h; path = AppDelegate.h; sourceTree = "<group>"; };
		35A9286A233E02C3007BE488 /* AppDelegate.m */ = {isa = PBXFileReference; lastKnownFileType = sourcecode.c.objc; path = AppDelegate.m; sourceTree = "<group>"; };
		35A9286C233E02C3007BE488 /* SceneDelegate.h */ = {isa = PBXFileReference; lastKnownFileType = sourcecode.c.h; path = SceneDelegate.h; sourceTree = "<group>"; };
		35A9286D233E02C3007BE488 /* SceneDelegate.m */ = {isa = PBXFileReference; lastKnownFileType = sourcecode.c.objc; path = SceneDelegate.m; sourceTree = "<group>"; };
		35A9286F233E02C3007BE488 /* ViewController.h */ = {isa = PBXFileReference; lastKnownFileType = sourcecode.c.h; path = ViewController.h; sourceTree = "<group>"; };
		35A92870233E02C3007BE488 /* ViewController.m */ = {isa = PBXFileReference; lastKnownFileType = sourcecode.c.objc; path = ViewController.m; sourceTree = "<group>"; };
		35A92873233E02C3007BE488 /* Base */ = {isa = PBXFileReference; lastKnownFileType = file.storyboard; name = Base; path = Base.lproj/Main.storyboard; sourceTree = "<group>"; };
		35A92875233E02C4007BE488 /* Assets.xcassets */ = {isa = PBXFileReference; lastKnownFileType = folder.assetcatalog; path = Assets.xcassets; sourceTree = "<group>"; };
		35A92878233E02C4007BE488 /* Base */ = {isa = PBXFileReference; lastKnownFileType = file.storyboard; name = Base; path = Base.lproj/LaunchScreen.storyboard; sourceTree = "<group>"; };
		35A9287A233E02C4007BE488 /* Info.plist */ = {isa = PBXFileReference; lastKnownFileType = text.plist.xml; path = Info.plist; sourceTree = "<group>"; };
		35A9287B233E02C4007BE488 /* main.m */ = {isa = PBXFileReference; lastKnownFileType = sourcecode.c.objc; path = main.m; sourceTree = "<group>"; };
		35A92882233E02D7007BE488 /* LFDeveloperKit.h */ = {isa = PBXFileReference; lastKnownFileType = sourcecode.c.h; path = LFDeveloperKit.h; sourceTree = "<group>"; };
		35A92883233E02D7007BE488 /* LFDeveloperKit.m */ = {isa = PBXFileReference; lastKnownFileType = sourcecode.c.objc; path = LFDeveloperKit.m; sourceTree = "<group>"; };
		35F345022373B58C00FAED4C /* libsqlite3.0.tbd */ = {isa = PBXFileReference; lastKnownFileType = "sourcecode.text-based-dylib-definition"; name = libsqlite3.0.tbd; path = usr/lib/libsqlite3.0.tbd; sourceTree = SDKROOT; };
/* End PBXFileReference section */

/* Begin PBXFrameworksBuildPhase section */
		35A92863233E02C3007BE488 /* Frameworks */ = {
			isa = PBXFrameworksBuildPhase;
			buildActionMask = 2147483647;
			files = (
				35F345042373B5B700FAED4C /* libsqlite3.0.tbd in Frameworks */,
			);
			runOnlyForDeploymentPostprocessing = 0;
		};
/* End PBXFrameworksBuildPhase section */

/* Begin PBXGroup section */
		354E97ED2424B75600C41E6F /* Swizzle */ = {
			isa = PBXGroup;
			children = (
				354E97EA2424B27B00C41E6F /* NSObject+Swizzle.h */,
				354E97EB2424B27B00C41E6F /* NSObject+Swizzle.m */,
			);
			path = Swizzle;
			sourceTree = "<group>";
		};
		354E97F12424B84F00C41E6F /* Description */ = {
			isa = PBXGroup;
			children = (
				354E97EE2424B7A200C41E6F /* NSObject+Description.h */,
				354E97EF2424B7A200C41E6F /* NSObject+Description.m */,
			);
			path = Description;
			sourceTree = "<group>";
		};
		354E97F52424BCF200C41E6F /* DeallocCallBack */ = {
			isa = PBXGroup;
			children = (
				354E97F22424BCEC00C41E6F /* NSObject+DeallocCallBack.h */,
				354E97F32424BCEC00C41E6F /* NSObject+DeallocCallBack.m */,
				354E97F62424BD1600C41E6F /* DeallocCallBackContainer.h */,
				354E97F72424BD1600C41E6F /* DeallocCallBackContainer.m */,
			);
			path = DeallocCallBack;
			sourceTree = "<group>";
		};
		356C46EE23FA9BC1004DADD5 /* CrashHook */ = {
			isa = PBXGroup;
			children = (
				356C46EB23FA9B84004DADD5 /* NSDictionary+LFCrashHook.h */,
				356C46EC23FA9B84004DADD5 /* NSDictionary+LFCrashHook.m */,
				356C46EF23FA9D2A004DADD5 /* NSArray+LFCrashHook.h */,
				356C46F023FA9D2A004DADD5 /* NSArray+LFCrashHook.m */,
				356C46F623FBD11D004DADD5 /* NSString+LFCrashHook.h */,
				356C46F723FBD11E004DADD5 /* NSString+LFCrashHook.m */,
			);
			path = CrashHook;
			sourceTree = "<group>";
		};
		35A9285D233E02C3007BE488 = {
			isa = PBXGroup;
			children = (
				35A92868233E02C3007BE488 /* LFDeveloperKitDemo */,
				35A92867233E02C3007BE488 /* Products */,
				35F345012373B58C00FAED4C /* Frameworks */,
			);
			sourceTree = "<group>";
		};
		35A92867233E02C3007BE488 /* Products */ = {
			isa = PBXGroup;
			children = (
				35A92866233E02C3007BE488 /* LFDeveloperKitDemo.app */,
			);
			name = Products;
			sourceTree = "<group>";
		};
		35A92868233E02C3007BE488 /* LFDeveloperKitDemo */ = {
			isa = PBXGroup;
			children = (
				35A92869233E02C3007BE488 /* AppDelegate.h */,
				35A9286A233E02C3007BE488 /* AppDelegate.m */,
				35A9286C233E02C3007BE488 /* SceneDelegate.h */,
				35A9286D233E02C3007BE488 /* SceneDelegate.m */,
				35A9286F233E02C3007BE488 /* ViewController.h */,
				35A92870233E02C3007BE488 /* ViewController.m */,
				3582EE5124342F80003F0FA8 /* TestViewController.h */,
				3582EE5224342F80003F0FA8 /* TestViewController.m */,
				35F345082373CB2700FAED4C /* LFLogger */,
				35A92885233E02DD007BE488 /* LFDeveloperKit */,
				35A92872233E02C3007BE488 /* Main.storyboard */,
				35A92875233E02C4007BE488 /* Assets.xcassets */,
				35A92877233E02C4007BE488 /* LaunchScreen.storyboard */,
				35A9287A233E02C4007BE488 /* Info.plist */,
				35A9287B233E02C4007BE488 /* main.m */,
			);
			path = LFDeveloperKitDemo;
			sourceTree = "<group>";
		};
		35A92885233E02DD007BE488 /* LFDeveloperKit */ = {
			isa = PBXGroup;
			children = (
				35A92882233E02D7007BE488 /* LFDeveloperKit.h */,
				35A92883233E02D7007BE488 /* LFDeveloperKit.m */,
				356C46DC23F691B1004DADD5 /* LFDeveloper.h */,
				356C46DD23F691B1004DADD5 /* LFDeveloper.m */,
				B4FADEBF235DB450000E8ED2 /* Extension */,
			);
			path = LFDeveloperKit;
			sourceTree = "<group>";
		};
		35F345012373B58C00FAED4C /* Frameworks */ = {
			isa = PBXGroup;
			children = (
				35F345022373B58C00FAED4C /* libsqlite3.0.tbd */,
			);
			name = Frameworks;
			sourceTree = "<group>";
		};
		35F345082373CB2700FAED4C /* LFLogger */ = {
			isa = PBXGroup;
			children = (
			);
			path = LFLogger;
			sourceTree = "<group>";
		};
		B4FADEBF235DB450000E8ED2 /* Extension */ = {
			isa = PBXGroup;
			children = (
				354E97F12424B84F00C41E6F /* Description */,
				354E97ED2424B75600C41E6F /* Swizzle */,
				356C46EE23FA9BC1004DADD5 /* CrashHook */,
				354E97F52424BCF200C41E6F /* DeallocCallBack */,
			);
			path = Extension;
			sourceTree = "<group>";
		};
/* End PBXGroup section */

/* Begin PBXNativeTarget section */
		35A92865233E02C3007BE488 /* LFDeveloperKitDemo */ = {
			isa = PBXNativeTarget;
			buildConfigurationList = 35A9287F233E02C4007BE488 /* Build configuration list for PBXNativeTarget "LFDeveloperKitDemo" */;
			buildPhases = (
				35A92862233E02C3007BE488 /* Sources */,
				35A92863233E02C3007BE488 /* Frameworks */,
				35A92864233E02C3007BE488 /* Resources */,
			);
			buildRules = (
			);
			dependencies = (
			);
			name = LFDeveloperKitDemo;
			productName = LFDeveloperKitDemo;
			productReference = 35A92866233E02C3007BE488 /* LFDeveloperKitDemo.app */;
			productType = "com.apple.product-type.application";
		};
/* End PBXNativeTarget section */

/* Begin PBXProject section */
		35A9285E233E02C3007BE488 /* Project object */ = {
			isa = PBXProject;
			attributes = {
				LastUpgradeCheck = 1100;
				ORGANIZATIONNAME = LeonDeng;
				TargetAttributes = {
					35A92865233E02C3007BE488 = {
						CreatedOnToolsVersion = 11.0;
					};
				};
			};
			buildConfigurationList = 35A92861233E02C3007BE488 /* Build configuration list for PBXProject "LFDeveloperKitDemo" */;
			compatibilityVersion = "Xcode 9.3";
			developmentRegion = en;
			hasScannedForEncodings = 0;
			knownRegions = (
				en,
				Base,
			);
			mainGroup = 35A9285D233E02C3007BE488;
			productRefGroup = 35A92867233E02C3007BE488 /* Products */;
			projectDirPath = "";
			projectRoot = "";
			targets = (
				35A92865233E02C3007BE488 /* LFDeveloperKitDemo */,
			);
		};
/* End PBXProject section */

/* Begin PBXResourcesBuildPhase section */
		35A92864233E02C3007BE488 /* Resources */ = {
			isa = PBXResourcesBuildPhase;
			buildActionMask = 2147483647;
			files = (
				35A92879233E02C4007BE488 /* LaunchScreen.storyboard in Resources */,
				35A92876233E02C4007BE488 /* Assets.xcassets in Resources */,
				35A92874233E02C3007BE488 /* Main.storyboard in Resources */,
			);
			runOnlyForDeploymentPostprocessing = 0;
		};
/* End PBXResourcesBuildPhase section */

/* Begin PBXSourcesBuildPhase section */
		35A92862233E02C3007BE488 /* Sources */ = {
			isa = PBXSourcesBuildPhase;
			buildActionMask = 2147483647;
			files = (
				354E97EC2424B27B00C41E6F /* NSObject+Swizzle.m in Sources */,
				354E97F42424BCEC00C41E6F /* NSObject+DeallocCallBack.m in Sources */,
				3582EE5324342F80003F0FA8 /* TestViewController.m in Sources */,
				356C46DE23F691B1004DADD5 /* LFDeveloper.m in Sources */,
				356C46F823FBD11E004DADD5 /* NSString+LFCrashHook.m in Sources */,
				35A92884233E02D7007BE488 /* LFDeveloperKit.m in Sources */,
				35A92871233E02C3007BE488 /* ViewController.m in Sources */,
				356C46ED23FA9B84004DADD5 /* NSDictionary+LFCrashHook.m in Sources */,
				35A9286B233E02C3007BE488 /* AppDelegate.m in Sources */,
				354E97F02424B7A200C41E6F /* NSObject+Description.m in Sources */,
				356C46F123FA9D2A004DADD5 /* NSArray+LFCrashHook.m in Sources */,
				35A9287C233E02C4007BE488 /* main.m in Sources */,
				35A9286E233E02C3007BE488 /* SceneDelegate.m in Sources */,
				354E97F82424BD1600C41E6F /* DeallocCallBackContainer.m in Sources */,
			);
			runOnlyForDeploymentPostprocessing = 0;
		};
/* End PBXSourcesBuildPhase section */

/* Begin PBXVariantGroup section */
		35A92872233E02C3007BE488 /* Main.storyboard */ = {
			isa = PBXVariantGroup;
			children = (
				35A92873233E02C3007BE488 /* Base */,
			);
			name = Main.storyboard;
			sourceTree = "<group>";
		};
		35A92877233E02C4007BE488 /* LaunchScreen.storyboard */ = {
			isa = PBXVariantGroup;
			children = (
				35A92878233E02C4007BE488 /* Base */,
			);
			name = LaunchScreen.storyboard;
			sourceTree = "<group>";
		};
/* End PBXVariantGroup section */

/* Begin XCBuildConfiguration section */
		35A9287D233E02C4007BE488 /* Debug */ = {
			isa = XCBuildConfiguration;
			buildSettings = {
				ALWAYS_SEARCH_USER_PATHS = NO;
				CLANG_ANALYZER_NONNULL = YES;
				CLANG_ANALYZER_NUMBER_OBJECT_CONVERSION = YES_AGGRESSIVE;
				CLANG_CXX_LANGUAGE_STANDARD = "gnu++14";
				CLANG_CXX_LIBRARY = "libc++";
				CLANG_ENABLE_MODULES = YES;
				CLANG_ENABLE_OBJC_ARC = YES;
				CLANG_ENABLE_OBJC_WEAK = YES;
				CLANG_WARN_BLOCK_CAPTURE_AUTORELEASING = YES;
				CLANG_WARN_BOOL_CONVERSION = YES;
				CLANG_WARN_COMMA = YES;
				CLANG_WARN_CONSTANT_CONVERSION = YES;
				CLANG_WARN_DEPRECATED_OBJC_IMPLEMENTATIONS = YES;
				CLANG_WARN_DIRECT_OBJC_ISA_USAGE = YES_ERROR;
				CLANG_WARN_DOCUMENTATION_COMMENTS = YES;
				CLANG_WARN_EMPTY_BODY = YES;
				CLANG_WARN_ENUM_CONVERSION = YES;
				CLANG_WARN_INFINITE_RECURSION = YES;
				CLANG_WARN_INT_CONVERSION = YES;
				CLANG_WARN_NON_LITERAL_NULL_CONVERSION = YES;
				CLANG_WARN_OBJC_IMPLICIT_RETAIN_SELF = YES;
				CLANG_WARN_OBJC_LITERAL_CONVERSION = YES;
				CLANG_WARN_OBJC_ROOT_CLASS = YES_ERROR;
				CLANG_WARN_RANGE_LOOP_ANALYSIS = YES;
				CLANG_WARN_STRICT_PROTOTYPES = YES;
				CLANG_WARN_SUSPICIOUS_MOVE = YES;
				CLANG_WARN_UNGUARDED_AVAILABILITY = YES_AGGRESSIVE;
				CLANG_WARN_UNREACHABLE_CODE = YES;
				CLANG_WARN__DUPLICATE_METHOD_MATCH = YES;
				COPY_PHASE_STRIP = NO;
				DEBUG_INFORMATION_FORMAT = dwarf;
				ENABLE_STRICT_OBJC_MSGSEND = YES;
				ENABLE_TESTABILITY = YES;
				GCC_C_LANGUAGE_STANDARD = gnu11;
				GCC_DYNAMIC_NO_PIC = NO;
				GCC_NO_COMMON_BLOCKS = YES;
				GCC_OPTIMIZATION_LEVEL = 0;
				GCC_PREPROCESSOR_DEFINITIONS = (
					"DEBUG=1",
					"$(inherited)",
				);
				GCC_WARN_64_TO_32_BIT_CONVERSION = YES;
				GCC_WARN_ABOUT_RETURN_TYPE = YES_ERROR;
				GCC_WARN_UNDECLARED_SELECTOR = YES;
				GCC_WARN_UNINITIALIZED_AUTOS = YES_AGGRESSIVE;
				GCC_WARN_UNUSED_FUNCTION = YES;
				GCC_WARN_UNUSED_VARIABLE = YES;
				IPHONEOS_DEPLOYMENT_TARGET = 13.0;
				MTL_ENABLE_DEBUG_INFO = INCLUDE_SOURCE;
				MTL_FAST_MATH = YES;
				ONLY_ACTIVE_ARCH = YES;
				SDKROOT = iphoneos;
			};
			name = Debug;
		};
		35A9287E233E02C4007BE488 /* Release */ = {
			isa = XCBuildConfiguration;
			buildSettings = {
				ALWAYS_SEARCH_USER_PATHS = NO;
				CLANG_ANALYZER_NONNULL = YES;
				CLANG_ANALYZER_NUMBER_OBJECT_CONVERSION = YES_AGGRESSIVE;
				CLANG_CXX_LANGUAGE_STANDARD = "gnu++14";
				CLANG_CXX_LIBRARY = "libc++";
				CLANG_ENABLE_MODULES = YES;
				CLANG_ENABLE_OBJC_ARC = YES;
				CLANG_ENABLE_OBJC_WEAK = YES;
				CLANG_WARN_BLOCK_CAPTURE_AUTORELEASING = YES;
				CLANG_WARN_BOOL_CONVERSION = YES;
				CLANG_WARN_COMMA = YES;
				CLANG_WARN_CONSTANT_CONVERSION = YES;
				CLANG_WARN_DEPRECATED_OBJC_IMPLEMENTATIONS = YES;
				CLANG_WARN_DIRECT_OBJC_ISA_USAGE = YES_ERROR;
				CLANG_WARN_DOCUMENTATION_COMMENTS = YES;
				CLANG_WARN_EMPTY_BODY = YES;
				CLANG_WARN_ENUM_CONVERSION = YES;
				CLANG_WARN_INFINITE_RECURSION = YES;
				CLANG_WARN_INT_CONVERSION = YES;
				CLANG_WARN_NON_LITERAL_NULL_CONVERSION = YES;
				CLANG_WARN_OBJC_IMPLICIT_RETAIN_SELF = YES;
				CLANG_WARN_OBJC_LITERAL_CONVERSION = YES;
				CLANG_WARN_OBJC_ROOT_CLASS = YES_ERROR;
				CLANG_WARN_RANGE_LOOP_ANALYSIS = YES;
				CLANG_WARN_STRICT_PROTOTYPES = YES;
				CLANG_WARN_SUSPICIOUS_MOVE = YES;
				CLANG_WARN_UNGUARDED_AVAILABILITY = YES_AGGRESSIVE;
				CLANG_WARN_UNREACHABLE_CODE = YES;
				CLANG_WARN__DUPLICATE_METHOD_MATCH = YES;
				COPY_PHASE_STRIP = NO;
				DEBUG_INFORMATION_FORMAT = "dwarf-with-dsym";
				ENABLE_NS_ASSERTIONS = NO;
				ENABLE_STRICT_OBJC_MSGSEND = YES;
				GCC_C_LANGUAGE_STANDARD = gnu11;
				GCC_NO_COMMON_BLOCKS = YES;
				GCC_WARN_64_TO_32_BIT_CONVERSION = YES;
				GCC_WARN_ABOUT_RETURN_TYPE = YES_ERROR;
				GCC_WARN_UNDECLARED_SELECTOR = YES;
				GCC_WARN_UNINITIALIZED_AUTOS = YES_AGGRESSIVE;
				GCC_WARN_UNUSED_FUNCTION = YES;
				GCC_WARN_UNUSED_VARIABLE = YES;
				IPHONEOS_DEPLOYMENT_TARGET = 13.0;
				MTL_ENABLE_DEBUG_INFO = NO;
				MTL_FAST_MATH = YES;
				SDKROOT = iphoneos;
				VALIDATE_PRODUCT = YES;
			};
			name = Release;
		};
		35A92880233E02C4007BE488 /* Debug */ = {
			isa = XCBuildConfiguration;
			buildSettings = {
				ASSETCATALOG_COMPILER_APPICON_NAME = AppIcon;
				CODE_SIGN_STYLE = Automatic;
				DEVELOPMENT_TEAM = VSH7W5Y66V;
				INFOPLIST_FILE = LFDeveloperKitDemo/Info.plist;
				IPHONEOS_DEPLOYMENT_TARGET = 10.3;
				LD_RUNPATH_SEARCH_PATHS = (
					"$(inherited)",
					"@executable_path/Frameworks",
				);
				PRODUCT_BUNDLE_IDENTIFIER = com.GIthub.LFDeveloperKitDemo;
				PRODUCT_NAME = "$(TARGET_NAME)";
				TARGETED_DEVICE_FAMILY = "1,2";
			};
			name = Debug;
		};
		35A92881233E02C4007BE488 /* Release */ = {
			isa = XCBuildConfiguration;
			buildSettings = {
				ASSETCATALOG_COMPILER_APPICON_NAME = AppIcon;
				CODE_SIGN_STYLE = Automatic;
				DEVELOPMENT_TEAM = VSH7W5Y66V;
				INFOPLIST_FILE = LFDeveloperKitDemo/Info.plist;
				IPHONEOS_DEPLOYMENT_TARGET = 10.3;
				LD_RUNPATH_SEARCH_PATHS = (
					"$(inherited)",
					"@executable_path/Frameworks",
				);
				PRODUCT_BUNDLE_IDENTIFIER = com.GIthub.LFDeveloperKitDemo;
				PRODUCT_NAME = "$(TARGET_NAME)";
				TARGETED_DEVICE_FAMILY = "1,2";
			};
			name = Release;
		};
/* End XCBuildConfiguration section */

/* Begin XCConfigurationList section */
		35A92861233E02C3007BE488 /* Build configuration list for PBXProject "LFDeveloperKitDemo" */ = {
			isa = XCConfigurationList;
			buildConfigurations = (
				35A9287D233E02C4007BE488 /* Debug */,
				35A9287E233E02C4007BE488 /* Release */,
			);
			defaultConfigurationIsVisible = 0;
			defaultConfigurationName = Release;
		};
		35A9287F233E02C4007BE488 /* Build configuration list for PBXNativeTarget "LFDeveloperKitDemo" */ = {
			isa = XCConfigurationList;
			buildConfigurations = (
				35A92880233E02C4007BE488 /* Debug */,
				35A92881233E02C4007BE488 /* Release */,
			);
			defaultConfigurationIsVisible = 0;
			defaultConfigurationName = Release;
		};
/* End XCConfigurationList section */
	};
	rootObject = 35A9285E233E02C3007BE488 /* Project object */;
}
